{
  "version": 4,
  "terraform_version": "1.11.0",
  "serial": 574,
  "lineage": "cb5334ef-a5b1-7438-b33d-a37b2d1576a3",
  "outputs": {
    "glue_service_role_arn": {
      "value": "arn:aws:iam::605134458956:role/glue-service-role",
      "type": "string"
    }
  },
  "resources": [
    {
      "mode": "managed",
      "type": "aws_cloudwatch_metric_alarm",
      "name": "glue_job_failure_alarm",
      "provider": "provider[\"registry.terraform.io/hashicorp/aws\"]",
      "instances": [
        {
          "index_key": "orders_process_to_raw",
          "schema_version": 1,
          "attributes": {
            "actions_enabled": true,
            "alarm_actions": [
              "arn:aws:sns:us-east-1:605134458956:job-failure-alarm-topic"
            ],
            "alarm_description": "Alerta caso o job orders_process_to_raw falhar.",
            "alarm_name": "GlueJobFailureAlarm-orders_process_to_raw",
            "arn": "arn:aws:cloudwatch:us-east-1:605134458956:alarm:GlueJobFailureAlarm-orders_process_to_raw",
            "comparison_operator": "GreaterThanOrEqualToThreshold",
            "datapoints_to_alarm": 0,
            "dimensions": {
              "JobName": "orders_process_to_raw"
            },
            "evaluate_low_sample_count_percentiles": "",
            "evaluation_periods": 1,
            "extended_statistic": "",
            "id": "GlueJobFailureAlarm-orders_process_to_raw",
            "insufficient_data_actions": null,
            "metric_name": "Errors",
            "metric_query": [],
            "namespace": "Glue",
            "ok_actions": null,
            "period": 300,
            "statistic": "Sum",
            "tags": null,
            "tags_all": {},
            "threshold": 1,
            "threshold_metric_id": "",
            "treat_missing_data": "missing",
            "unit": ""
          },
          "sensitive_attributes": [],
          "private": "eyJzY2hlbWFfdmVyc2lvbiI6IjEifQ==",
          "dependencies": [
            "aws_sns_topic.glue_job_alarm_topic"
          ]
        },
        {
          "index_key": "refined_customer_revenue",
          "schema_version": 1,
          "attributes": {
            "actions_enabled": true,
            "alarm_actions": [
              "arn:aws:sns:us-east-1:605134458956:job-failure-alarm-topic"
            ],
            "alarm_description": "Alerta caso o job refined_customer_revenue falhar.",
            "alarm_name": "GlueJobFailureAlarm-refined_customer_revenue",
            "arn": "arn:aws:cloudwatch:us-east-1:605134458956:alarm:GlueJobFailureAlarm-refined_customer_revenue",
            "comparison_operator": "GreaterThanOrEqualToThreshold",
            "datapoints_to_alarm": 0,
            "dimensions": {
              "JobName": "refined_customer_revenue"
            },
            "evaluate_low_sample_count_percentiles": "",
            "evaluation_periods": 1,
            "extended_statistic": "",
            "id": "GlueJobFailureAlarm-refined_customer_revenue",
            "insufficient_data_actions": null,
            "metric_name": "Errors",
            "metric_query": [],
            "namespace": "Glue",
            "ok_actions": null,
            "period": 300,
            "statistic": "Sum",
            "tags": null,
            "tags_all": {},
            "threshold": 1,
            "threshold_metric_id": "",
            "treat_missing_data": "missing",
            "unit": ""
          },
          "sensitive_attributes": [],
          "private": "eyJzY2hlbWFfdmVyc2lvbiI6IjEifQ==",
          "dependencies": [
            "aws_sns_topic.glue_job_alarm_topic"
          ]
        },
        {
          "index_key": "refined_monthly_revenue",
          "schema_version": 1,
          "attributes": {
            "actions_enabled": true,
            "alarm_actions": [
              "arn:aws:sns:us-east-1:605134458956:job-failure-alarm-topic"
            ],
            "alarm_description": "Alerta caso o job refined_monthly_revenue falhar.",
            "alarm_name": "GlueJobFailureAlarm-refined_monthly_revenue",
            "arn": "arn:aws:cloudwatch:us-east-1:605134458956:alarm:GlueJobFailureAlarm-refined_monthly_revenue",
            "comparison_operator": "GreaterThanOrEqualToThreshold",
            "datapoints_to_alarm": 0,
            "dimensions": {
              "JobName": "refined_monthly_revenue"
            },
            "evaluate_low_sample_count_percentiles": "",
            "evaluation_periods": 1,
            "extended_statistic": "",
            "id": "GlueJobFailureAlarm-refined_monthly_revenue",
            "insufficient_data_actions": null,
            "metric_name": "Errors",
            "metric_query": [],
            "namespace": "Glue",
            "ok_actions": null,
            "period": 300,
            "statistic": "Sum",
            "tags": null,
            "tags_all": {},
            "threshold": 1,
            "threshold_metric_id": "",
            "treat_missing_data": "missing",
            "unit": ""
          },
          "sensitive_attributes": [],
          "private": "eyJzY2hlbWFfdmVyc2lvbiI6IjEifQ==",
          "dependencies": [
            "aws_sns_topic.glue_job_alarm_topic"
          ]
        },
        {
          "index_key": "refined_product_sales",
          "schema_version": 1,
          "attributes": {
            "actions_enabled": true,
            "alarm_actions": [
              "arn:aws:sns:us-east-1:605134458956:job-failure-alarm-topic"
            ],
            "alarm_description": "Alerta caso o job refined_product_sales falhar.",
            "alarm_name": "GlueJobFailureAlarm-refined_product_sales",
            "arn": "arn:aws:cloudwatch:us-east-1:605134458956:alarm:GlueJobFailureAlarm-refined_product_sales",
            "comparison_operator": "GreaterThanOrEqualToThreshold",
            "datapoints_to_alarm": 0,
            "dimensions": {
              "JobName": "refined_product_sales"
            },
            "evaluate_low_sample_count_percentiles": "",
            "evaluation_periods": 1,
            "extended_statistic": "",
            "id": "GlueJobFailureAlarm-refined_product_sales",
            "insufficient_data_actions": null,
            "metric_name": "Errors",
            "metric_query": [],
            "namespace": "Glue",
            "ok_actions": null,
            "period": 300,
            "statistic": "Sum",
            "tags": null,
            "tags_all": {},
            "threshold": 1,
            "threshold_metric_id": "",
            "treat_missing_data": "missing",
            "unit": ""
          },
          "sensitive_attributes": [],
          "private": "eyJzY2hlbWFfdmVyc2lvbiI6IjEifQ==",
          "dependencies": [
            "aws_sns_topic.glue_job_alarm_topic"
          ]
        },
        {
          "index_key": "trusted_customer_revenue",
          "schema_version": 1,
          "attributes": {
            "actions_enabled": true,
            "alarm_actions": [
              "arn:aws:sns:us-east-1:605134458956:job-failure-alarm-topic"
            ],
            "alarm_description": "Alerta caso o job trusted_customer_revenue falhar.",
            "alarm_name": "GlueJobFailureAlarm-trusted_customer_revenue",
            "arn": "arn:aws:cloudwatch:us-east-1:605134458956:alarm:GlueJobFailureAlarm-trusted_customer_revenue",
            "comparison_operator": "GreaterThanOrEqualToThreshold",
            "datapoints_to_alarm": 0,
            "dimensions": {
              "JobName": "trusted_customer_revenue"
            },
            "evaluate_low_sample_count_percentiles": "",
            "evaluation_periods": 1,
            "extended_statistic": "",
            "id": "GlueJobFailureAlarm-trusted_customer_revenue",
            "insufficient_data_actions": null,
            "metric_name": "Errors",
            "metric_query": [],
            "namespace": "Glue",
            "ok_actions": null,
            "period": 300,
            "statistic": "Sum",
            "tags": null,
            "tags_all": {},
            "threshold": 1,
            "threshold_metric_id": "",
            "treat_missing_data": "missing",
            "unit": ""
          },
          "sensitive_attributes": [],
          "private": "eyJzY2hlbWFfdmVyc2lvbiI6IjEifQ==",
          "dependencies": [
            "aws_sns_topic.glue_job_alarm_topic"
          ]
        },
        {
          "index_key": "trusted_monthly_revenue",
          "schema_version": 1,
          "attributes": {
            "actions_enabled": true,
            "alarm_actions": [
              "arn:aws:sns:us-east-1:605134458956:job-failure-alarm-topic"
            ],
            "alarm_description": "Alerta caso o job trusted_monthly_revenue falhar.",
            "alarm_name": "GlueJobFailureAlarm-trusted_monthly_revenue",
            "arn": "arn:aws:cloudwatch:us-east-1:605134458956:alarm:GlueJobFailureAlarm-trusted_monthly_revenue",
            "comparison_operator": "GreaterThanOrEqualToThreshold",
            "datapoints_to_alarm": 0,
            "dimensions": {
              "JobName": "trusted_monthly_revenue"
            },
            "evaluate_low_sample_count_percentiles": "",
            "evaluation_periods": 1,
            "extended_statistic": "",
            "id": "GlueJobFailureAlarm-trusted_monthly_revenue",
            "insufficient_data_actions": null,
            "metric_name": "Errors",
            "metric_query": [],
            "namespace": "Glue",
            "ok_actions": null,
            "period": 300,
            "statistic": "Sum",
            "tags": null,
            "tags_all": {},
            "threshold": 1,
            "threshold_metric_id": "",
            "treat_missing_data": "missing",
            "unit": ""
          },
          "sensitive_attributes": [],
          "private": "eyJzY2hlbWFfdmVyc2lvbiI6IjEifQ==",
          "dependencies": [
            "aws_sns_topic.glue_job_alarm_topic"
          ]
        },
        {
          "index_key": "trusted_product_sales",
          "schema_version": 1,
          "attributes": {
            "actions_enabled": true,
            "alarm_actions": [
              "arn:aws:sns:us-east-1:605134458956:job-failure-alarm-topic"
            ],
            "alarm_description": "Alerta caso o job trusted_product_sales falhar.",
            "alarm_name": "GlueJobFailureAlarm-trusted_product_sales",
            "arn": "arn:aws:cloudwatch:us-east-1:605134458956:alarm:GlueJobFailureAlarm-trusted_product_sales",
            "comparison_operator": "GreaterThanOrEqualToThreshold",
            "datapoints_to_alarm": 0,
            "dimensions": {
              "JobName": "trusted_product_sales"
            },
            "evaluate_low_sample_count_percentiles": "",
            "evaluation_periods": 1,
            "extended_statistic": "",
            "id": "GlueJobFailureAlarm-trusted_product_sales",
            "insufficient_data_actions": null,
            "metric_name": "Errors",
            "metric_query": [],
            "namespace": "Glue",
            "ok_actions": null,
            "period": 300,
            "statistic": "Sum",
            "tags": null,
            "tags_all": {},
            "threshold": 1,
            "threshold_metric_id": "",
            "treat_missing_data": "missing",
            "unit": ""
          },
          "sensitive_attributes": [],
          "private": "eyJzY2hlbWFfdmVyc2lvbiI6IjEifQ==",
          "dependencies": [
            "aws_sns_topic.glue_job_alarm_topic"
          ]
        }
      ]
    },
    {
      "mode": "managed",
      "type": "aws_glue_catalog_database",
      "name": "raw",
      "provider": "provider[\"registry.terraform.io/hashicorp/aws\"]",
      "instances": [
        {
          "schema_version": 0,
          "attributes": {
            "arn": "arn:aws:glue:us-east-1:605134458956:database/raw",
            "catalog_id": "605134458956",
            "create_table_default_permission": [
              {
                "permissions": [
                  "ALL"
                ],
                "principal": [
                  {
                    "data_lake_principal_identifier": "IAM_ALLOWED_PRINCIPALS"
                  }
                ]
              }
            ],
            "description": "",
            "federated_database": [],
            "id": "605134458956:raw",
            "location_uri": "",
            "name": "raw",
            "parameters": null,
            "tags": null,
            "tags_all": {},
            "target_database": []
          },
          "sensitive_attributes": [],
          "private": "bnVsbA=="
        }
      ]
    },
    {
      "mode": "managed",
      "type": "aws_glue_catalog_database",
      "name": "refined",
      "provider": "provider[\"registry.terraform.io/hashicorp/aws\"]",
      "instances": [
        {
          "schema_version": 0,
          "attributes": {
            "arn": "arn:aws:glue:us-east-1:605134458956:database/refined",
            "catalog_id": "605134458956",
            "create_table_default_permission": [
              {
                "permissions": [
                  "ALL"
                ],
                "principal": [
                  {
                    "data_lake_principal_identifier": "IAM_ALLOWED_PRINCIPALS"
                  }
                ]
              }
            ],
            "description": "",
            "federated_database": [],
            "id": "605134458956:refined",
            "location_uri": "",
            "name": "refined",
            "parameters": null,
            "tags": null,
            "tags_all": {},
            "target_database": []
          },
          "sensitive_attributes": [],
          "private": "bnVsbA=="
        }
      ]
    },
    {
      "mode": "managed",
      "type": "aws_glue_catalog_database",
      "name": "trusted",
      "provider": "provider[\"registry.terraform.io/hashicorp/aws\"]",
      "instances": [
        {
          "schema_version": 0,
          "attributes": {
            "arn": "arn:aws:glue:us-east-1:605134458956:database/trusted",
            "catalog_id": "605134458956",
            "create_table_default_permission": [
              {
                "permissions": [
                  "ALL"
                ],
                "principal": [
                  {
                    "data_lake_principal_identifier": "IAM_ALLOWED_PRINCIPALS"
                  }
                ]
              }
            ],
            "description": "",
            "federated_database": [],
            "id": "605134458956:trusted",
            "location_uri": "",
            "name": "trusted",
            "parameters": null,
            "tags": null,
            "tags_all": {},
            "target_database": []
          },
          "sensitive_attributes": [],
          "private": "bnVsbA=="
        }
      ]
    },
    {
      "mode": "managed",
      "type": "aws_glue_crawler",
      "name": "sales_raw",
      "provider": "provider[\"registry.terraform.io/hashicorp/aws\"]",
      "instances": [
        {
          "schema_version": 0,
          "attributes": {
            "arn": "arn:aws:glue:us-east-1:605134458956:crawler/sales_raw",
            "catalog_target": [],
            "classifiers": null,
            "configuration": "",
            "database_name": "raw",
            "delta_target": [],
            "description": "",
            "dynamodb_target": [],
            "hudi_target": [],
            "iceberg_target": [],
            "id": "sales_raw",
            "jdbc_target": [],
            "lake_formation_configuration": [
              {
                "account_id": "",
                "use_lake_formation_credentials": false
              }
            ],
            "lineage_configuration": [
              {
                "crawler_lineage_settings": "DISABLE"
              }
            ],
            "mongodb_target": [],
            "name": "sales_raw",
            "recrawl_policy": [
              {
                "recrawl_behavior": "CRAWL_EVERYTHING"
              }
            ],
            "role": "glue-service-role",
            "s3_target": [
              {
                "connection_name": "",
                "dlq_event_queue_arn": "",
                "event_queue_arn": "",
                "exclusions": null,
                "path": "s3://sysm-exam-bucket/20_raw/orders",
                "sample_size": 0
              }
            ],
            "schedule": "",
            "schema_change_policy": [
              {
                "delete_behavior": "DEPRECATE_IN_DATABASE",
                "update_behavior": "UPDATE_IN_DATABASE"
              }
            ],
            "security_configuration": "",
            "table_prefix": "",
            "tags": null,
            "tags_all": {}
          },
          "sensitive_attributes": [],
          "private": "bnVsbA==",
          "dependencies": [
            "aws_glue_catalog_database.raw",
            "aws_iam_role.glue_service_role",
            "aws_s3_bucket.lake"
          ]
        }
      ]
    },
    {
      "mode": "managed",
      "type": "aws_glue_crawler",
      "name": "sales_refined",
      "provider": "provider[\"registry.terraform.io/hashicorp/aws\"]",
      "instances": [
        {
          "schema_version": 0,
          "attributes": {
            "arn": "arn:aws:glue:us-east-1:605134458956:crawler/sales_refined",
            "catalog_target": [],
            "classifiers": null,
            "configuration": "",
            "database_name": "refined",
            "delta_target": [],
            "description": "",
            "dynamodb_target": [],
            "hudi_target": [],
            "iceberg_target": [],
            "id": "sales_refined",
            "jdbc_target": [],
            "lake_formation_configuration": [
              {
                "account_id": "",
                "use_lake_formation_credentials": false
              }
            ],
            "lineage_configuration": [
              {
                "crawler_lineage_settings": "DISABLE"
              }
            ],
            "mongodb_target": [],
            "name": "sales_refined",
            "recrawl_policy": [
              {
                "recrawl_behavior": "CRAWL_EVERYTHING"
              }
            ],
            "role": "glue-service-role",
            "s3_target": [
              {
                "connection_name": "",
                "dlq_event_queue_arn": "",
                "event_queue_arn": "",
                "exclusions": null,
                "path": "s3://sysm-exam-bucket/30_refined/sales/customer_revenue",
                "sample_size": 0
              },
              {
                "connection_name": "",
                "dlq_event_queue_arn": "",
                "event_queue_arn": "",
                "exclusions": null,
                "path": "s3://sysm-exam-bucket/30_refined/sales/product_sales",
                "sample_size": 0
              },
              {
                "connection_name": "",
                "dlq_event_queue_arn": "",
                "event_queue_arn": "",
                "exclusions": null,
                "path": "s3://sysm-exam-bucket/30_refined/sales/monthly_revenue",
                "sample_size": 0
              }
            ],
            "schedule": "",
            "schema_change_policy": [
              {
                "delete_behavior": "DEPRECATE_IN_DATABASE",
                "update_behavior": "UPDATE_IN_DATABASE"
              }
            ],
            "security_configuration": "",
            "table_prefix": "",
            "tags": null,
            "tags_all": {}
          },
          "sensitive_attributes": [],
          "private": "bnVsbA==",
          "dependencies": [
            "aws_glue_catalog_database.refined",
            "aws_iam_role.glue_service_role",
            "aws_s3_bucket.lake"
          ]
        }
      ]
    },
    {
      "mode": "managed",
      "type": "aws_glue_crawler",
      "name": "sales_trusted",
      "provider": "provider[\"registry.terraform.io/hashicorp/aws\"]",
      "instances": [
        {
          "schema_version": 0,
          "attributes": {
            "arn": "arn:aws:glue:us-east-1:605134458956:crawler/sales_trusted",
            "catalog_target": [],
            "classifiers": null,
            "configuration": "",
            "database_name": "trusted",
            "delta_target": [
              {
                "connection_name": "",
                "create_native_delta_table": false,
                "delta_tables": [
                  "s3://sysm-exam-bucket/40_trusted/sales/customer_revenue/",
                  "s3://sysm-exam-bucket/40_trusted/sales/monthly_revenue/",
                  "s3://sysm-exam-bucket/40_trusted/sales/product_sales/"
                ],
                "write_manifest": true
              }
            ],
            "description": "",
            "dynamodb_target": [],
            "hudi_target": [],
            "iceberg_target": [],
            "id": "sales_trusted",
            "jdbc_target": [],
            "lake_formation_configuration": [
              {
                "account_id": "",
                "use_lake_formation_credentials": false
              }
            ],
            "lineage_configuration": [
              {
                "crawler_lineage_settings": "DISABLE"
              }
            ],
            "mongodb_target": [],
            "name": "sales_trusted",
            "recrawl_policy": [
              {
                "recrawl_behavior": "CRAWL_EVERYTHING"
              }
            ],
            "role": "glue-service-role",
            "s3_target": [],
            "schedule": "",
            "schema_change_policy": [
              {
                "delete_behavior": "DEPRECATE_IN_DATABASE",
                "update_behavior": "UPDATE_IN_DATABASE"
              }
            ],
            "security_configuration": "",
            "table_prefix": "",
            "tags": null,
            "tags_all": {}
          },
          "sensitive_attributes": [],
          "private": "bnVsbA==",
          "dependencies": [
            "aws_glue_catalog_database.trusted",
            "aws_iam_role.glue_service_role",
            "aws_s3_bucket.lake"
          ]
        }
      ]
    },
    {
      "mode": "managed",
      "type": "aws_glue_job",
      "name": "orders_process_to_raw",
      "provider": "provider[\"registry.terraform.io/hashicorp/aws\"]",
      "instances": [
        {
          "schema_version": 0,
          "attributes": {
            "arn": "arn:aws:glue:us-east-1:605134458956:job/orders_process_to_raw",
            "command": [
              {
                "name": "glueetl",
                "python_version": "3",
                "runtime": "",
                "script_location": "s3://sysm-exam-bucket/scripts/orders_process_to_raw.py"
              }
            ],
            "connections": null,
            "default_arguments": {
              "--DEST_BUCKET": "sysm-exam-bucket",
              "--DEST_FOLDER": "orders",
              "--LAYER": "20_raw",
              "--enable-continuous-logging": "true",
              "--enable-metrics": "",
              "--log-group": "/aws-glue/jobs/logs-v2",
              "--log-stream-prefix": "orders_process_to_raw"
            },
            "description": "",
            "execution_class": "",
            "execution_property": [
              {
                "max_concurrent_runs": 1
              }
            ],
            "glue_version": "4.0",
            "id": "orders_process_to_raw",
            "job_run_queuing_enabled": false,
            "maintenance_window": "",
            "max_capacity": 2,
            "max_retries": 0,
            "name": "orders_process_to_raw",
            "non_overridable_arguments": null,
            "notification_property": [],
            "number_of_workers": 2,
            "role_arn": "arn:aws:iam::605134458956:role/glue-service-role",
            "security_configuration": "",
            "tags": null,
            "tags_all": {},
            "timeout": 2880,
            "worker_type": "G.1X"
          },
          "sensitive_attributes": [],
          "private": "bnVsbA==",
          "dependencies": [
            "aws_iam_role.glue_service_role",
            "aws_s3_bucket.lake"
          ]
        }
      ]
    },
    {
      "mode": "managed",
      "type": "aws_glue_job",
      "name": "refined_customer_revenue",
      "provider": "provider[\"registry.terraform.io/hashicorp/aws\"]",
      "instances": [
        {
          "schema_version": 0,
          "attributes": {
            "arn": "arn:aws:glue:us-east-1:605134458956:job/refined_customer_revenue",
            "command": [
              {
                "name": "glueetl",
                "python_version": "3",
                "runtime": "",
                "script_location": "s3://sysm-exam-bucket/scripts/refined_customer_revenue.py"
              }
            ],
            "connections": null,
            "default_arguments": {
              "--CATALOG_DATABASE": "raw",
              "--CATALOG_TABLE": "orders",
              "--DEST_BUCKET": "sysm-exam-bucket",
              "--DEST_FOLDER": "sales/customer_revenue",
              "--LAYER": "30_refined",
              "--enable-continuous-logging": "true",
              "--enable-metrics": "",
              "--log-group": "/aws-glue/jobs/logs-v2",
              "--log-stream-prefix": "refined_customer_revenue"
            },
            "description": "",
            "execution_class": "",
            "execution_property": [
              {
                "max_concurrent_runs": 1
              }
            ],
            "glue_version": "4.0",
            "id": "refined_customer_revenue",
            "job_run_queuing_enabled": false,
            "maintenance_window": "",
            "max_capacity": 2,
            "max_retries": 0,
            "name": "refined_customer_revenue",
            "non_overridable_arguments": null,
            "notification_property": [],
            "number_of_workers": 2,
            "role_arn": "arn:aws:iam::605134458956:role/glue-service-role",
            "security_configuration": "",
            "tags": null,
            "tags_all": {},
            "timeout": 2880,
            "worker_type": "G.1X"
          },
          "sensitive_attributes": [],
          "private": "bnVsbA==",
          "dependencies": [
            "aws_iam_role.glue_service_role",
            "aws_s3_bucket.lake"
          ]
        }
      ]
    },
    {
      "mode": "managed",
      "type": "aws_glue_job",
      "name": "refined_monthly_revenue",
      "provider": "provider[\"registry.terraform.io/hashicorp/aws\"]",
      "instances": [
        {
          "schema_version": 0,
          "attributes": {
            "arn": "arn:aws:glue:us-east-1:605134458956:job/refined_monthly_revenue",
            "command": [
              {
                "name": "glueetl",
                "python_version": "3",
                "runtime": "",
                "script_location": "s3://sysm-exam-bucket/scripts/refined_monthly_revenue.py"
              }
            ],
            "connections": null,
            "default_arguments": {
              "--CATALOG_DATABASE": "raw",
              "--CATALOG_TABLE": "orders",
              "--DEST_BUCKET": "sysm-exam-bucket",
              "--DEST_FOLDER": "sales/monthly_revenue",
              "--LAYER": "30_refined",
              "--enable-continuous-logging": "true",
              "--enable-metrics": "",
              "--log-group": "/aws-glue/jobs/logs-v2",
              "--log-stream-prefix": "refined_monthly_revenue"
            },
            "description": "",
            "execution_class": "",
            "execution_property": [
              {
                "max_concurrent_runs": 1
              }
            ],
            "glue_version": "4.0",
            "id": "refined_monthly_revenue",
            "job_run_queuing_enabled": false,
            "maintenance_window": "",
            "max_capacity": 2,
            "max_retries": 0,
            "name": "refined_monthly_revenue",
            "non_overridable_arguments": null,
            "notification_property": [],
            "number_of_workers": 2,
            "role_arn": "arn:aws:iam::605134458956:role/glue-service-role",
            "security_configuration": "",
            "tags": null,
            "tags_all": {},
            "timeout": 2880,
            "worker_type": "G.1X"
          },
          "sensitive_attributes": [],
          "private": "bnVsbA==",
          "dependencies": [
            "aws_iam_role.glue_service_role",
            "aws_s3_bucket.lake"
          ]
        }
      ]
    },
    {
      "mode": "managed",
      "type": "aws_glue_job",
      "name": "refined_product_sales",
      "provider": "provider[\"registry.terraform.io/hashicorp/aws\"]",
      "instances": [
        {
          "schema_version": 0,
          "attributes": {
            "arn": "arn:aws:glue:us-east-1:605134458956:job/refined_product_sales",
            "command": [
              {
                "name": "glueetl",
                "python_version": "3",
                "runtime": "",
                "script_location": "s3://sysm-exam-bucket/scripts/refined_product_sales.py"
              }
            ],
            "connections": null,
            "default_arguments": {
              "--CATALOG_DATABASE": "raw",
              "--CATALOG_TABLE": "orders",
              "--DEST_BUCKET": "sysm-exam-bucket",
              "--DEST_FOLDER": "sales/product_sales",
              "--LAYER": "30_refined",
              "--enable-continuous-logging": "true",
              "--enable-metrics": "",
              "--log-group": "/aws-glue/jobs/logs-v2",
              "--log-stream-prefix": "refined_product_sales"
            },
            "description": "",
            "execution_class": "",
            "execution_property": [
              {
                "max_concurrent_runs": 1
              }
            ],
            "glue_version": "4.0",
            "id": "refined_product_sales",
            "job_run_queuing_enabled": false,
            "maintenance_window": "",
            "max_capacity": 2,
            "max_retries": 0,
            "name": "refined_product_sales",
            "non_overridable_arguments": null,
            "notification_property": [],
            "number_of_workers": 2,
            "role_arn": "arn:aws:iam::605134458956:role/glue-service-role",
            "security_configuration": "",
            "tags": null,
            "tags_all": {},
            "timeout": 2880,
            "worker_type": "G.1X"
          },
          "sensitive_attributes": [],
          "private": "bnVsbA==",
          "dependencies": [
            "aws_iam_role.glue_service_role",
            "aws_s3_bucket.lake"
          ]
        }
      ]
    },
    {
      "mode": "managed",
      "type": "aws_glue_job",
      "name": "trusted_customer_revenue",
      "provider": "provider[\"registry.terraform.io/hashicorp/aws\"]",
      "instances": [
        {
          "schema_version": 0,
          "attributes": {
            "arn": "arn:aws:glue:us-east-1:605134458956:job/trusted_customer_revenue",
            "command": [
              {
                "name": "glueetl",
                "python_version": "3",
                "runtime": "",
                "script_location": "s3://sysm-exam-bucket/scripts/trusted_customer_revenue.py"
              }
            ],
            "connections": null,
            "default_arguments": {
              "--CATALOG_DATABASE": "refined",
              "--CATALOG_TABLE": "customer_revenue",
              "--DEST_BUCKET": "sysm-exam-bucket",
              "--DEST_FOLDER": "sales/customer_revenue",
              "--LAYER": "40_trusted",
              "--conf": "spark.sql.extensions=io.delta.sql.DeltaSparkSessionExtension --conf spark.sql.catalog.spark_catalog=org.apache.spark.sql.delta.catalog.DeltaCatalog --conf spark.delta.logStore.class=org.apache.spark.sql.delta.storage.S3SingleDriverLogStore",
              "--datalake-formats": "delta",
              "--enable-continuous-logging": "true",
              "--enable-metrics": "",
              "--log-group": "/aws-glue/jobs/logs-v2",
              "--log-stream-prefix": "trusted_customer_revenue"
            },
            "description": "",
            "execution_class": "",
            "execution_property": [
              {
                "max_concurrent_runs": 1
              }
            ],
            "glue_version": "4.0",
            "id": "trusted_customer_revenue",
            "job_run_queuing_enabled": false,
            "maintenance_window": "",
            "max_capacity": 2,
            "max_retries": 0,
            "name": "trusted_customer_revenue",
            "non_overridable_arguments": null,
            "notification_property": [],
            "number_of_workers": 2,
            "role_arn": "arn:aws:iam::605134458956:role/glue-service-role",
            "security_configuration": "",
            "tags": null,
            "tags_all": {},
            "timeout": 2880,
            "worker_type": "G.1X"
          },
          "sensitive_attributes": [],
          "private": "bnVsbA==",
          "dependencies": [
            "aws_iam_role.glue_service_role",
            "aws_s3_bucket.lake"
          ]
        }
      ]
    },
    {
      "mode": "managed",
      "type": "aws_glue_job",
      "name": "trusted_monthly_revenue",
      "provider": "provider[\"registry.terraform.io/hashicorp/aws\"]",
      "instances": [
        {
          "schema_version": 0,
          "attributes": {
            "arn": "arn:aws:glue:us-east-1:605134458956:job/trusted_monthly_revenue",
            "command": [
              {
                "name": "glueetl",
                "python_version": "3",
                "runtime": "",
                "script_location": "s3://sysm-exam-bucket/scripts/trusted_monthly_revenue.py"
              }
            ],
            "connections": null,
            "default_arguments": {
              "--CATALOG_DATABASE": "refined",
              "--CATALOG_TABLE": "monthly_revenue",
              "--DEST_BUCKET": "sysm-exam-bucket",
              "--DEST_FOLDER": "sales/monthly_revenue",
              "--LAYER": "40_trusted",
              "--conf": "spark.sql.extensions=io.delta.sql.DeltaSparkSessionExtension --conf spark.sql.catalog.spark_catalog=org.apache.spark.sql.delta.catalog.DeltaCatalog --conf spark.delta.logStore.class=org.apache.spark.sql.delta.storage.S3SingleDriverLogStore",
              "--datalake-formats": "delta",
              "--enable-continuous-logging": "true",
              "--enable-metrics": "",
              "--log-group": "/aws-glue/jobs/logs-v2",
              "--log-stream-prefix": "trusted_monthly_revenue"
            },
            "description": "",
            "execution_class": "",
            "execution_property": [
              {
                "max_concurrent_runs": 1
              }
            ],
            "glue_version": "4.0",
            "id": "trusted_monthly_revenue",
            "job_run_queuing_enabled": false,
            "maintenance_window": "",
            "max_capacity": 2,
            "max_retries": 0,
            "name": "trusted_monthly_revenue",
            "non_overridable_arguments": null,
            "notification_property": [],
            "number_of_workers": 2,
            "role_arn": "arn:aws:iam::605134458956:role/glue-service-role",
            "security_configuration": "",
            "tags": null,
            "tags_all": {},
            "timeout": 2880,
            "worker_type": "G.1X"
          },
          "sensitive_attributes": [],
          "private": "bnVsbA==",
          "dependencies": [
            "aws_iam_role.glue_service_role",
            "aws_s3_bucket.lake"
          ]
        }
      ]
    },
    {
      "mode": "managed",
      "type": "aws_glue_job",
      "name": "trusted_product_sales",
      "provider": "provider[\"registry.terraform.io/hashicorp/aws\"]",
      "instances": [
        {
          "schema_version": 0,
          "attributes": {
            "arn": "arn:aws:glue:us-east-1:605134458956:job/trusted_product_sales",
            "command": [
              {
                "name": "glueetl",
                "python_version": "3",
                "runtime": "",
                "script_location": "s3://sysm-exam-bucket/scripts/trusted_product_sales.py"
              }
            ],
            "connections": null,
            "default_arguments": {
              "--CATALOG_DATABASE": "refined",
              "--CATALOG_TABLE": "product_sales",
              "--DEST_BUCKET": "sysm-exam-bucket",
              "--DEST_FOLDER": "sales/product_sales",
              "--LAYER": "40_trusted",
              "--conf": "spark.sql.extensions=io.delta.sql.DeltaSparkSessionExtension --conf spark.sql.catalog.spark_catalog=org.apache.spark.sql.delta.catalog.DeltaCatalog --conf spark.delta.logStore.class=org.apache.spark.sql.delta.storage.S3SingleDriverLogStore",
              "--datalake-formats": "delta",
              "--enable-continuous-logging": "true",
              "--enable-metrics": "",
              "--log-group": "/aws-glue/jobs/logs-v2",
              "--log-stream-prefix": "trusted_product_sales"
            },
            "description": "",
            "execution_class": "",
            "execution_property": [
              {
                "max_concurrent_runs": 1
              }
            ],
            "glue_version": "4.0",
            "id": "trusted_product_sales",
            "job_run_queuing_enabled": false,
            "maintenance_window": "",
            "max_capacity": 2,
            "max_retries": 0,
            "name": "trusted_product_sales",
            "non_overridable_arguments": null,
            "notification_property": [],
            "number_of_workers": 2,
            "role_arn": "arn:aws:iam::605134458956:role/glue-service-role",
            "security_configuration": "",
            "tags": null,
            "tags_all": {},
            "timeout": 2880,
            "worker_type": "G.1X"
          },
          "sensitive_attributes": [],
          "private": "bnVsbA==",
          "dependencies": [
            "aws_iam_role.glue_service_role",
            "aws_s3_bucket.lake"
          ]
        }
      ]
    },
    {
      "mode": "managed",
      "type": "aws_glue_trigger",
      "name": "process_to_raw_completion_trigger",
      "provider": "provider[\"registry.terraform.io/hashicorp/aws\"]",
      "instances": [
        {
          "schema_version": 0,
          "attributes": {
            "actions": [
              {
                "arguments": null,
                "crawler_name": "sales_raw",
                "job_name": "",
                "notification_property": [],
                "security_configuration": "",
                "timeout": 0
              }
            ],
            "arn": "arn:aws:glue:us-east-1:605134458956:trigger/process_to_raw_completion_trigger",
            "description": "",
            "enabled": true,
            "event_batching_condition": [],
            "id": "process_to_raw_completion_trigger",
            "name": "process_to_raw_completion_trigger",
            "predicate": [
              {
                "conditions": [
                  {
                    "crawl_state": "",
                    "crawler_name": "",
                    "job_name": "orders_process_to_raw",
                    "logical_operator": "EQUALS",
                    "state": "SUCCEEDED"
                  }
                ],
                "logical": "AND"
              }
            ],
            "schedule": "",
            "start_on_creation": null,
            "state": "ACTIVATED",
            "tags": null,
            "tags_all": {},
            "timeouts": null,
            "type": "CONDITIONAL",
            "workflow_name": "sales-workflow-glue"
          },
          "sensitive_attributes": [],
          "private": "eyJlMmJmYjczMC1lY2FhLTExZTYtOGY4OC0zNDM2M2JjN2M0YzAiOnsiY3JlYXRlIjozMDAwMDAwMDAwMDAsImRlbGV0ZSI6MzAwMDAwMDAwMDAwLCJ1cGRhdGUiOjMwMDAwMDAwMDAwMH19",
          "dependencies": [
            "aws_glue_crawler.sales_raw",
            "aws_glue_job.orders_process_to_raw",
            "aws_glue_workflow.workflow"
          ]
        }
      ]
    },
    {
      "mode": "managed",
      "type": "aws_glue_trigger",
      "name": "raw_crawler_completion_trigger",
      "provider": "provider[\"registry.terraform.io/hashicorp/aws\"]",
      "instances": [
        {
          "schema_version": 0,
          "attributes": {
            "actions": [
              {
                "arguments": null,
                "crawler_name": "",
                "job_name": "refined_customer_revenue",
                "notification_property": [],
                "security_configuration": "",
                "timeout": 0
              },
              {
                "arguments": null,
                "crawler_name": "",
                "job_name": "refined_product_sales",
                "notification_property": [],
                "security_configuration": "",
                "timeout": 0
              },
              {
                "arguments": null,
                "crawler_name": "",
                "job_name": "refined_monthly_revenue",
                "notification_property": [],
                "security_configuration": "",
                "timeout": 0
              }
            ],
            "arn": "arn:aws:glue:us-east-1:605134458956:trigger/raw_crawler_completion_trigger",
            "description": "",
            "enabled": true,
            "event_batching_condition": [],
            "id": "raw_crawler_completion_trigger",
            "name": "raw_crawler_completion_trigger",
            "predicate": [
              {
                "conditions": [
                  {
                    "crawl_state": "SUCCEEDED",
                    "crawler_name": "sales_raw",
                    "job_name": "",
                    "logical_operator": "EQUALS",
                    "state": ""
                  }
                ],
                "logical": "AND"
              }
            ],
            "schedule": "",
            "start_on_creation": null,
            "state": "ACTIVATED",
            "tags": null,
            "tags_all": {},
            "timeouts": null,
            "type": "CONDITIONAL",
            "workflow_name": "sales-workflow-glue"
          },
          "sensitive_attributes": [],
          "private": "eyJlMmJmYjczMC1lY2FhLTExZTYtOGY4OC0zNDM2M2JjN2M0YzAiOnsiY3JlYXRlIjozMDAwMDAwMDAwMDAsImRlbGV0ZSI6MzAwMDAwMDAwMDAwLCJ1cGRhdGUiOjMwMDAwMDAwMDAwMH19",
          "dependencies": [
            "aws_glue_crawler.sales_raw",
            "aws_glue_job.refined_customer_revenue",
            "aws_glue_job.refined_monthly_revenue",
            "aws_glue_job.refined_product_sales",
            "aws_glue_workflow.workflow"
          ]
        }
      ]
    },
    {
      "mode": "managed",
      "type": "aws_glue_trigger",
      "name": "refined_crawler_completion_trigger",
      "provider": "provider[\"registry.terraform.io/hashicorp/aws\"]",
      "instances": [
        {
          "schema_version": 0,
          "attributes": {
            "actions": [
              {
                "arguments": null,
                "crawler_name": "",
                "job_name": "trusted_customer_revenue",
                "notification_property": [],
                "security_configuration": "",
                "timeout": 0
              },
              {
                "arguments": null,
                "crawler_name": "",
                "job_name": "trusted_product_sales",
                "notification_property": [],
                "security_configuration": "",
                "timeout": 0
              },
              {
                "arguments": null,
                "crawler_name": "",
                "job_name": "trusted_monthly_revenue",
                "notification_property": [],
                "security_configuration": "",
                "timeout": 0
              }
            ],
            "arn": "arn:aws:glue:us-east-1:605134458956:trigger/refined_crawler_completion_trigger",
            "description": "",
            "enabled": true,
            "event_batching_condition": [],
            "id": "refined_crawler_completion_trigger",
            "name": "refined_crawler_completion_trigger",
            "predicate": [
              {
                "conditions": [
                  {
                    "crawl_state": "SUCCEEDED",
                    "crawler_name": "sales_refined",
                    "job_name": "",
                    "logical_operator": "EQUALS",
                    "state": ""
                  }
                ],
                "logical": "AND"
              }
            ],
            "schedule": "",
            "start_on_creation": null,
            "state": "ACTIVATED",
            "tags": null,
            "tags_all": {},
            "timeouts": null,
            "type": "CONDITIONAL",
            "workflow_name": "sales-workflow-glue"
          },
          "sensitive_attributes": [],
          "private": "eyJlMmJmYjczMC1lY2FhLTExZTYtOGY4OC0zNDM2M2JjN2M0YzAiOnsiY3JlYXRlIjozMDAwMDAwMDAwMDAsImRlbGV0ZSI6MzAwMDAwMDAwMDAwLCJ1cGRhdGUiOjMwMDAwMDAwMDAwMH19",
          "dependencies": [
            "aws_glue_crawler.sales_refined",
            "aws_glue_job.trusted_customer_revenue",
            "aws_glue_job.trusted_monthly_revenue",
            "aws_glue_job.trusted_product_sales",
            "aws_glue_workflow.workflow"
          ]
        }
      ]
    },
    {
      "mode": "managed",
      "type": "aws_glue_trigger",
      "name": "refined_jobs_completion_trigger",
      "provider": "provider[\"registry.terraform.io/hashicorp/aws\"]",
      "instances": [
        {
          "schema_version": 0,
          "attributes": {
            "actions": [
              {
                "arguments": null,
                "crawler_name": "sales_refined",
                "job_name": "",
                "notification_property": [],
                "security_configuration": "",
                "timeout": 0
              }
            ],
            "arn": "arn:aws:glue:us-east-1:605134458956:trigger/refined_jobs_completion_trigger",
            "description": "",
            "enabled": true,
            "event_batching_condition": [],
            "id": "refined_jobs_completion_trigger",
            "name": "refined_jobs_completion_trigger",
            "predicate": [
              {
                "conditions": [
                  {
                    "crawl_state": "",
                    "crawler_name": "",
                    "job_name": "refined_customer_revenue",
                    "logical_operator": "EQUALS",
                    "state": "SUCCEEDED"
                  },
                  {
                    "crawl_state": "",
                    "crawler_name": "",
                    "job_name": "refined_product_sales",
                    "logical_operator": "EQUALS",
                    "state": "SUCCEEDED"
                  },
                  {
                    "crawl_state": "",
                    "crawler_name": "",
                    "job_name": "refined_monthly_revenue",
                    "logical_operator": "EQUALS",
                    "state": "SUCCEEDED"
                  }
                ],
                "logical": "AND"
              }
            ],
            "schedule": "",
            "start_on_creation": null,
            "state": "ACTIVATED",
            "tags": null,
            "tags_all": {},
            "timeouts": null,
            "type": "CONDITIONAL",
            "workflow_name": "sales-workflow-glue"
          },
          "sensitive_attributes": [],
          "private": "eyJlMmJmYjczMC1lY2FhLTExZTYtOGY4OC0zNDM2M2JjN2M0YzAiOnsiY3JlYXRlIjozMDAwMDAwMDAwMDAsImRlbGV0ZSI6MzAwMDAwMDAwMDAwLCJ1cGRhdGUiOjMwMDAwMDAwMDAwMH19",
          "dependencies": [
            "aws_glue_crawler.sales_refined",
            "aws_glue_job.refined_customer_revenue",
            "aws_glue_job.refined_monthly_revenue",
            "aws_glue_job.refined_product_sales",
            "aws_glue_workflow.workflow"
          ]
        }
      ]
    },
    {
      "mode": "managed",
      "type": "aws_glue_trigger",
      "name": "trusted_jobs_completion_trigger",
      "provider": "provider[\"registry.terraform.io/hashicorp/aws\"]",
      "instances": [
        {
          "schema_version": 0,
          "attributes": {
            "actions": [
              {
                "arguments": null,
                "crawler_name": "sales_trusted",
                "job_name": "",
                "notification_property": [],
                "security_configuration": "",
                "timeout": 0
              }
            ],
            "arn": "arn:aws:glue:us-east-1:605134458956:trigger/trusted_jobs_completion_trigger",
            "description": "",
            "enabled": true,
            "event_batching_condition": [],
            "id": "trusted_jobs_completion_trigger",
            "name": "trusted_jobs_completion_trigger",
            "predicate": [
              {
                "conditions": [
                  {
                    "crawl_state": "",
                    "crawler_name": "",
                    "job_name": "trusted_customer_revenue",
                    "logical_operator": "EQUALS",
                    "state": "SUCCEEDED"
                  },
                  {
                    "crawl_state": "",
                    "crawler_name": "",
                    "job_name": "trusted_product_sales",
                    "logical_operator": "EQUALS",
                    "state": "SUCCEEDED"
                  },
                  {
                    "crawl_state": "",
                    "crawler_name": "",
                    "job_name": "trusted_monthly_revenue",
                    "logical_operator": "EQUALS",
                    "state": "SUCCEEDED"
                  }
                ],
                "logical": "AND"
              }
            ],
            "schedule": "",
            "start_on_creation": null,
            "state": "ACTIVATED",
            "tags": null,
            "tags_all": {},
            "timeouts": null,
            "type": "CONDITIONAL",
            "workflow_name": "sales-workflow-glue"
          },
          "sensitive_attributes": [],
          "private": "eyJlMmJmYjczMC1lY2FhLTExZTYtOGY4OC0zNDM2M2JjN2M0YzAiOnsiY3JlYXRlIjozMDAwMDAwMDAwMDAsImRlbGV0ZSI6MzAwMDAwMDAwMDAwLCJ1cGRhdGUiOjMwMDAwMDAwMDAwMH19",
          "dependencies": [
            "aws_glue_crawler.sales_trusted",
            "aws_glue_job.trusted_customer_revenue",
            "aws_glue_job.trusted_monthly_revenue",
            "aws_glue_job.trusted_product_sales",
            "aws_glue_workflow.workflow"
          ]
        }
      ]
    },
    {
      "mode": "managed",
      "type": "aws_glue_trigger",
      "name": "workflow_schedule_trigger",
      "provider": "provider[\"registry.terraform.io/hashicorp/aws\"]",
      "instances": [
        {
          "schema_version": 0,
          "attributes": {
            "actions": [
              {
                "arguments": null,
                "crawler_name": "",
                "job_name": "orders_process_to_raw",
                "notification_property": [],
                "security_configuration": "",
                "timeout": 0
              }
            ],
            "arn": "arn:aws:glue:us-east-1:605134458956:trigger/daily_workflow_trigger",
            "description": "",
            "enabled": true,
            "event_batching_condition": [],
            "id": "daily_workflow_trigger",
            "name": "daily_workflow_trigger",
            "predicate": [],
            "schedule": "cron(0 7 * * ? *)",
            "start_on_creation": null,
            "state": "ACTIVATED",
            "tags": null,
            "tags_all": {},
            "timeouts": null,
            "type": "SCHEDULED",
            "workflow_name": "sales-workflow-glue"
          },
          "sensitive_attributes": [],
          "private": "eyJlMmJmYjczMC1lY2FhLTExZTYtOGY4OC0zNDM2M2JjN2M0YzAiOnsiY3JlYXRlIjozMDAwMDAwMDAwMDAsImRlbGV0ZSI6MzAwMDAwMDAwMDAwLCJ1cGRhdGUiOjMwMDAwMDAwMDAwMH19",
          "dependencies": [
            "aws_glue_job.orders_process_to_raw",
            "aws_glue_workflow.workflow"
          ]
        }
      ]
    },
    {
      "mode": "managed",
      "type": "aws_glue_workflow",
      "name": "workflow",
      "provider": "provider[\"registry.terraform.io/hashicorp/aws\"]",
      "instances": [
        {
          "schema_version": 0,
          "attributes": {
            "arn": "arn:aws:glue:us-east-1:605134458956:workflow/sales-workflow-glue",
            "default_run_properties": null,
            "description": "",
            "id": "sales-workflow-glue",
            "max_concurrent_runs": 0,
            "name": "sales-workflow-glue",
            "tags": null,
            "tags_all": {}
          },
          "sensitive_attributes": [],
          "private": "bnVsbA=="
        }
      ]
    },
    {
      "mode": "managed",
      "type": "aws_iam_policy",
      "name": "glue_cloudwatch_policy",
      "provider": "provider[\"registry.terraform.io/hashicorp/aws\"]",
      "instances": [
        {
          "schema_version": 0,
          "attributes": {
            "arn": "arn:aws:iam::605134458956:policy/glue-cloudwatch-policy",
            "attachment_count": 0,
            "description": "",
            "id": "arn:aws:iam::605134458956:policy/glue-cloudwatch-policy",
            "name": "glue-cloudwatch-policy",
            "name_prefix": "",
            "path": "/",
            "policy": "{\"Statement\":[{\"Action\":[\"logs:CreateLogGroup\",\"logs:CreateLogStream\",\"logs:PutLogEvents\"],\"Effect\":\"Allow\",\"Resource\":\"*\"}],\"Version\":\"2012-10-17\"}",
            "policy_id": "ANPAYZZGTCBGECAHNSGCM",
            "tags": null,
            "tags_all": {}
          },
          "sensitive_attributes": [],
          "private": "bnVsbA=="
        }
      ]
    },
    {
      "mode": "managed",
      "type": "aws_iam_policy",
      "name": "glue_service_policy",
      "provider": "provider[\"registry.terraform.io/hashicorp/aws\"]",
      "instances": [
        {
          "schema_version": 0,
          "attributes": {
            "arn": "arn:aws:iam::605134458956:policy/glue-service-policy",
            "attachment_count": 0,
            "description": "",
            "id": "arn:aws:iam::605134458956:policy/glue-service-policy",
            "name": "glue-service-policy",
            "name_prefix": "",
            "path": "/",
            "policy": "{\"Statement\":[{\"Action\":[\"s3:GetObject\",\"s3:PutObject\",\"s3:DeleteObject\",\"s3:ListBucket\"],\"Effect\":\"Allow\",\"Resource\":[\"arn:aws:s3:::sysm-exam-bucket\",\"arn:aws:s3:::sysm-exam-bucket/*\"]},{\"Action\":[\"logs:CreateLogGroup\",\"logs:CreateLogStream\",\"logs:PutLogEvents\"],\"Effect\":\"Allow\",\"Resource\":\"*\"},{\"Action\":[\"glue:*\"],\"Effect\":\"Allow\",\"Resource\":\"*\"}],\"Version\":\"2012-10-17\"}",
            "policy_id": "ANPAYZZGTCBGNPNP24EXC",
            "tags": null,
            "tags_all": {}
          },
          "sensitive_attributes": [],
          "private": "bnVsbA==",
          "dependencies": [
            "aws_s3_bucket.lake"
          ]
        }
      ]
    },
    {
      "mode": "managed",
      "type": "aws_iam_role",
      "name": "glue_service_role",
      "provider": "provider[\"registry.terraform.io/hashicorp/aws\"]",
      "instances": [
        {
          "schema_version": 0,
          "attributes": {
            "arn": "arn:aws:iam::605134458956:role/glue-service-role",
            "assume_role_policy": "{\"Statement\":[{\"Action\":\"sts:AssumeRole\",\"Effect\":\"Allow\",\"Principal\":{\"Service\":\"glue.amazonaws.com\"}}],\"Version\":\"2012-10-17\"}",
            "create_date": "2024-11-14T02:39:52Z",
            "description": "",
            "force_detach_policies": false,
            "id": "glue-service-role",
            "inline_policy": [],
            "managed_policy_arns": [],
            "max_session_duration": 3600,
            "name": "glue-service-role",
            "name_prefix": "",
            "path": "/",
            "permissions_boundary": "",
            "tags": {
              "Name": "glue-service-role"
            },
            "tags_all": {
              "Name": "glue-service-role"
            },
            "unique_id": "AROAYZZGTCBGFDWJDOUPJ"
          },
          "sensitive_attributes": [],
          "private": "bnVsbA=="
        }
      ]
    },
    {
      "mode": "managed",
      "type": "aws_iam_role_policy_attachment",
      "name": "glue_cloudwatch_policy_attach",
      "provider": "provider[\"registry.terraform.io/hashicorp/aws\"]",
      "instances": [
        {
          "schema_version": 0,
          "attributes": {
            "id": "glue-service-role-20241114023953514700000001",
            "policy_arn": "arn:aws:iam::605134458956:policy/glue-cloudwatch-policy",
            "role": "glue-service-role"
          },
          "sensitive_attributes": [],
          "private": "bnVsbA==",
          "dependencies": [
            "aws_iam_policy.glue_cloudwatch_policy",
            "aws_iam_role.glue_service_role"
          ]
        }
      ]
    },
    {
      "mode": "managed",
      "type": "aws_iam_role_policy_attachment",
      "name": "glue_service_policy_attach",
      "provider": "provider[\"registry.terraform.io/hashicorp/aws\"]",
      "instances": [
        {
          "schema_version": 0,
          "attributes": {
            "id": "glue-service-role-20241114023957236200000002",
            "policy_arn": "arn:aws:iam::605134458956:policy/glue-service-policy",
            "role": "glue-service-role"
          },
          "sensitive_attributes": [],
          "private": "bnVsbA==",
          "dependencies": [
            "aws_iam_policy.glue_service_policy",
            "aws_iam_role.glue_service_role"
          ]
        }
      ]
    },
    {
      "mode": "managed",
      "type": "aws_s3_bucket",
      "name": "lake",
      "provider": "provider[\"registry.terraform.io/hashicorp/aws\"]",
      "instances": [
        {
          "schema_version": 0,
          "attributes": {
            "acceleration_status": "",
            "acl": null,
            "arn": "arn:aws:s3:::sysm-exam-bucket",
            "bucket": "sysm-exam-bucket",
            "bucket_domain_name": "sysm-exam-bucket.s3.amazonaws.com",
            "bucket_prefix": "",
            "bucket_regional_domain_name": "sysm-exam-bucket.s3.us-east-1.amazonaws.com",
            "cors_rule": [],
            "force_destroy": true,
            "grant": [
              {
                "id": "78255e89258c1681185cc85abf32fed97d86c4f95b0914f13b238c75f38d5c09",
                "permissions": [
                  "FULL_CONTROL"
                ],
                "type": "CanonicalUser",
                "uri": ""
              }
            ],
            "hosted_zone_id": "Z3AQBSTGFYJSTF",
            "id": "sysm-exam-bucket",
            "lifecycle_rule": [],
            "logging": [],
            "object_lock_configuration": [],
            "object_lock_enabled": false,
            "policy": "",
            "region": "us-east-1",
            "replication_configuration": [],
            "request_payer": "BucketOwner",
            "server_side_encryption_configuration": [
              {
                "rule": [
                  {
                    "apply_server_side_encryption_by_default": [
                      {
                        "kms_master_key_id": "",
                        "sse_algorithm": "AES256"
                      }
                    ],
                    "bucket_key_enabled": false
                  }
                ]
              }
            ],
            "tags": {
              "Name": "s3 data lake bucket"
            },
            "tags_all": {
              "Name": "s3 data lake bucket"
            },
            "timeouts": null,
            "versioning": [
              {
                "enabled": false,
                "mfa_delete": false
              }
            ],
            "website": [],
            "website_domain": null,
            "website_endpoint": null
          },
          "sensitive_attributes": [],
          "private": "eyJlMmJmYjczMC1lY2FhLTExZTYtOGY4OC0zNDM2M2JjN2M0YzAiOnsiY3JlYXRlIjoxMjAwMDAwMDAwMDAwLCJkZWxldGUiOjM2MDAwMDAwMDAwMDAsInJlYWQiOjEyMDAwMDAwMDAwMDAsInVwZGF0ZSI6MTIwMDAwMDAwMDAwMH19"
        }
      ]
    },
    {
      "mode": "managed",
      "type": "aws_s3_object",
      "name": "sales_data",
      "provider": "provider[\"registry.terraform.io/hashicorp/aws\"]",
      "instances": [
        {
          "schema_version": 0,
          "attributes": {
            "acl": null,
            "arn": "arn:aws:s3:::sysm-exam-bucket/10_landing/orders/sales_data.csv",
            "bucket": "sysm-exam-bucket",
            "bucket_key_enabled": false,
            "cache_control": "",
            "checksum_algorithm": null,
            "checksum_crc32": "",
            "checksum_crc32c": "",
            "checksum_sha1": "",
            "checksum_sha256": "",
            "content": null,
            "content_base64": null,
            "content_disposition": "",
            "content_encoding": "",
            "content_language": "",
            "content_type": "application/octet-stream",
            "etag": "142955850a6114c3bf0f33e8f5d7df12",
            "force_destroy": false,
            "id": "10_landing/orders/sales_data.csv",
            "key": "10_landing/orders/sales_data.csv",
            "kms_key_id": null,
            "metadata": null,
            "object_lock_legal_hold_status": "",
            "object_lock_mode": "",
            "object_lock_retain_until_date": "",
            "override_provider": [],
            "server_side_encryption": "AES256",
            "source": "../files/sales_data.csv",
            "source_hash": null,
            "storage_class": "STANDARD",
            "tags": null,
            "tags_all": {},
            "version_id": "",
            "website_redirect": ""
          },
          "sensitive_attributes": [],
          "private": "bnVsbA==",
          "dependencies": [
            "aws_s3_bucket.lake"
          ]
        }
      ]
    },
    {
      "mode": "managed",
      "type": "aws_s3_object",
      "name": "script",
      "provider": "provider[\"registry.terraform.io/hashicorp/aws\"]",
      "instances": [
        {
          "index_key": "orders_process_to_raw.py",
          "schema_version": 0,
          "attributes": {
            "acl": null,
            "arn": "arn:aws:s3:::sysm-exam-bucket/scripts/orders_process_to_raw.py",
            "bucket": "sysm-exam-bucket",
            "bucket_key_enabled": false,
            "cache_control": "",
            "checksum_algorithm": null,
            "checksum_crc32": "",
            "checksum_crc32c": "",
            "checksum_sha1": "",
            "checksum_sha256": "",
            "content": null,
            "content_base64": null,
            "content_disposition": "",
            "content_encoding": "",
            "content_language": "",
            "content_type": "application/octet-stream",
            "etag": "f40eddea48607d4acc901c1017e6dd86",
            "force_destroy": false,
            "id": "scripts/orders_process_to_raw.py",
            "key": "scripts/orders_process_to_raw.py",
            "kms_key_id": null,
            "metadata": null,
            "object_lock_legal_hold_status": "",
            "object_lock_mode": "",
            "object_lock_retain_until_date": "",
            "override_provider": [],
            "server_side_encryption": "AES256",
            "source": "../scripts/orders_process_to_raw.py",
            "source_hash": null,
            "storage_class": "STANDARD",
            "tags": null,
            "tags_all": {},
            "version_id": "",
            "website_redirect": ""
          },
          "sensitive_attributes": [],
          "private": "bnVsbA==",
          "dependencies": [
            "aws_s3_bucket.lake"
          ]
        },
        {
          "index_key": "refined_customer_revenue.py",
          "schema_version": 0,
          "attributes": {
            "acl": null,
            "arn": "arn:aws:s3:::sysm-exam-bucket/scripts/refined_customer_revenue.py",
            "bucket": "sysm-exam-bucket",
            "bucket_key_enabled": false,
            "cache_control": "",
            "checksum_algorithm": null,
            "checksum_crc32": "",
            "checksum_crc32c": "",
            "checksum_sha1": "",
            "checksum_sha256": "",
            "content": null,
            "content_base64": null,
            "content_disposition": "",
            "content_encoding": "",
            "content_language": "",
            "content_type": "application/octet-stream",
            "etag": "fcd5a175ed0d33540416d7ab79f4741d",
            "force_destroy": false,
            "id": "scripts/refined_customer_revenue.py",
            "key": "scripts/refined_customer_revenue.py",
            "kms_key_id": null,
            "metadata": null,
            "object_lock_legal_hold_status": "",
            "object_lock_mode": "",
            "object_lock_retain_until_date": "",
            "override_provider": [],
            "server_side_encryption": "AES256",
            "source": "../scripts/refined_customer_revenue.py",
            "source_hash": null,
            "storage_class": "STANDARD",
            "tags": null,
            "tags_all": {},
            "version_id": "",
            "website_redirect": ""
          },
          "sensitive_attributes": [],
          "private": "bnVsbA==",
          "dependencies": [
            "aws_s3_bucket.lake"
          ]
        },
        {
          "index_key": "refined_monthly_revenue.py",
          "schema_version": 0,
          "attributes": {
            "acl": null,
            "arn": "arn:aws:s3:::sysm-exam-bucket/scripts/refined_monthly_revenue.py",
            "bucket": "sysm-exam-bucket",
            "bucket_key_enabled": false,
            "cache_control": "",
            "checksum_algorithm": null,
            "checksum_crc32": "",
            "checksum_crc32c": "",
            "checksum_sha1": "",
            "checksum_sha256": "",
            "content": null,
            "content_base64": null,
            "content_disposition": "",
            "content_encoding": "",
            "content_language": "",
            "content_type": "application/octet-stream",
            "etag": "b5ccd917c7a74857b0fc62bd953dcc55",
            "force_destroy": false,
            "id": "scripts/refined_monthly_revenue.py",
            "key": "scripts/refined_monthly_revenue.py",
            "kms_key_id": null,
            "metadata": null,
            "object_lock_legal_hold_status": "",
            "object_lock_mode": "",
            "object_lock_retain_until_date": "",
            "override_provider": [],
            "server_side_encryption": "AES256",
            "source": "../scripts/refined_monthly_revenue.py",
            "source_hash": null,
            "storage_class": "STANDARD",
            "tags": null,
            "tags_all": {},
            "version_id": "",
            "website_redirect": ""
          },
          "sensitive_attributes": [],
          "private": "bnVsbA==",
          "dependencies": [
            "aws_s3_bucket.lake"
          ]
        },
        {
          "index_key": "refined_product_sales.py",
          "schema_version": 0,
          "attributes": {
            "acl": null,
            "arn": "arn:aws:s3:::sysm-exam-bucket/scripts/refined_product_sales.py",
            "bucket": "sysm-exam-bucket",
            "bucket_key_enabled": false,
            "cache_control": "",
            "checksum_algorithm": null,
            "checksum_crc32": "",
            "checksum_crc32c": "",
            "checksum_sha1": "",
            "checksum_sha256": "",
            "content": null,
            "content_base64": null,
            "content_disposition": "",
            "content_encoding": "",
            "content_language": "",
            "content_type": "application/octet-stream",
            "etag": "1a7a7a1a7048f565d7b01be73c754200",
            "force_destroy": false,
            "id": "scripts/refined_product_sales.py",
            "key": "scripts/refined_product_sales.py",
            "kms_key_id": null,
            "metadata": null,
            "object_lock_legal_hold_status": "",
            "object_lock_mode": "",
            "object_lock_retain_until_date": "",
            "override_provider": [],
            "server_side_encryption": "AES256",
            "source": "../scripts/refined_product_sales.py",
            "source_hash": null,
            "storage_class": "STANDARD",
            "tags": null,
            "tags_all": {},
            "version_id": "",
            "website_redirect": ""
          },
          "sensitive_attributes": [],
          "private": "bnVsbA==",
          "dependencies": [
            "aws_s3_bucket.lake"
          ]
        },
        {
          "index_key": "trusted_customer_revenue.py",
          "schema_version": 0,
          "attributes": {
            "acl": null,
            "arn": "arn:aws:s3:::sysm-exam-bucket/scripts/trusted_customer_revenue.py",
            "bucket": "sysm-exam-bucket",
            "bucket_key_enabled": false,
            "cache_control": "",
            "checksum_algorithm": null,
            "checksum_crc32": "",
            "checksum_crc32c": "",
            "checksum_sha1": "",
            "checksum_sha256": "",
            "content": null,
            "content_base64": null,
            "content_disposition": "",
            "content_encoding": "",
            "content_language": "",
            "content_type": "application/octet-stream",
            "etag": "f114ffcf232333e565fe92d3ad4c8800",
            "force_destroy": false,
            "id": "scripts/trusted_customer_revenue.py",
            "key": "scripts/trusted_customer_revenue.py",
            "kms_key_id": null,
            "metadata": null,
            "object_lock_legal_hold_status": "",
            "object_lock_mode": "",
            "object_lock_retain_until_date": "",
            "override_provider": [],
            "server_side_encryption": "AES256",
            "source": "../scripts/trusted_customer_revenue.py",
            "source_hash": null,
            "storage_class": "STANDARD",
            "tags": null,
            "tags_all": {},
            "version_id": "",
            "website_redirect": ""
          },
          "sensitive_attributes": [],
          "private": "bnVsbA==",
          "dependencies": [
            "aws_s3_bucket.lake"
          ]
        },
        {
          "index_key": "trusted_monthly_revenue.py",
          "schema_version": 0,
          "attributes": {
            "acl": null,
            "arn": "arn:aws:s3:::sysm-exam-bucket/scripts/trusted_monthly_revenue.py",
            "bucket": "sysm-exam-bucket",
            "bucket_key_enabled": false,
            "cache_control": "",
            "checksum_algorithm": null,
            "checksum_crc32": "",
            "checksum_crc32c": "",
            "checksum_sha1": "",
            "checksum_sha256": "",
            "content": null,
            "content_base64": null,
            "content_disposition": "",
            "content_encoding": "",
            "content_language": "",
            "content_type": "application/octet-stream",
            "etag": "b4dab369166a0fc7cab22273983e8730",
            "force_destroy": false,
            "id": "scripts/trusted_monthly_revenue.py",
            "key": "scripts/trusted_monthly_revenue.py",
            "kms_key_id": null,
            "metadata": null,
            "object_lock_legal_hold_status": "",
            "object_lock_mode": "",
            "object_lock_retain_until_date": "",
            "override_provider": [],
            "server_side_encryption": "AES256",
            "source": "../scripts/trusted_monthly_revenue.py",
            "source_hash": null,
            "storage_class": "STANDARD",
            "tags": null,
            "tags_all": {},
            "version_id": "",
            "website_redirect": ""
          },
          "sensitive_attributes": [],
          "private": "bnVsbA==",
          "dependencies": [
            "aws_s3_bucket.lake"
          ]
        },
        {
          "index_key": "trusted_product_sales.py",
          "schema_version": 0,
          "attributes": {
            "acl": null,
            "arn": "arn:aws:s3:::sysm-exam-bucket/scripts/trusted_product_sales.py",
            "bucket": "sysm-exam-bucket",
            "bucket_key_enabled": false,
            "cache_control": "",
            "checksum_algorithm": null,
            "checksum_crc32": "",
            "checksum_crc32c": "",
            "checksum_sha1": "",
            "checksum_sha256": "",
            "content": null,
            "content_base64": null,
            "content_disposition": "",
            "content_encoding": "",
            "content_language": "",
            "content_type": "application/octet-stream",
            "etag": "b4dab369166a0fc7cab22273983e8730",
            "force_destroy": false,
            "id": "scripts/trusted_product_sales.py",
            "key": "scripts/trusted_product_sales.py",
            "kms_key_id": null,
            "metadata": null,
            "object_lock_legal_hold_status": "",
            "object_lock_mode": "",
            "object_lock_retain_until_date": "",
            "override_provider": [],
            "server_side_encryption": "AES256",
            "source": "../scripts/trusted_product_sales.py",
            "source_hash": null,
            "storage_class": "STANDARD",
            "tags": null,
            "tags_all": {},
            "version_id": "",
            "website_redirect": ""
          },
          "sensitive_attributes": [],
          "private": "bnVsbA==",
          "dependencies": [
            "aws_s3_bucket.lake"
          ]
        }
      ]
    },
    {
      "mode": "managed",
      "type": "aws_sns_topic",
      "name": "glue_job_alarm_topic",
      "provider": "provider[\"registry.terraform.io/hashicorp/aws\"]",
      "instances": [
        {
          "schema_version": 0,
          "attributes": {
            "application_failure_feedback_role_arn": "",
            "application_success_feedback_role_arn": "",
            "application_success_feedback_sample_rate": 0,
            "archive_policy": "",
            "arn": "arn:aws:sns:us-east-1:605134458956:job-failure-alarm-topic",
            "beginning_archive_time": "",
            "content_based_deduplication": false,
            "delivery_policy": "",
            "display_name": "",
            "fifo_topic": false,
            "firehose_failure_feedback_role_arn": "",
            "firehose_success_feedback_role_arn": "",
            "firehose_success_feedback_sample_rate": 0,
            "http_failure_feedback_role_arn": "",
            "http_success_feedback_role_arn": "",
            "http_success_feedback_sample_rate": 0,
            "id": "arn:aws:sns:us-east-1:605134458956:job-failure-alarm-topic",
            "kms_master_key_id": "",
            "lambda_failure_feedback_role_arn": "",
            "lambda_success_feedback_role_arn": "",
            "lambda_success_feedback_sample_rate": 0,
            "name": "job-failure-alarm-topic",
            "name_prefix": "",
            "owner": "605134458956",
            "policy": "{\"Id\":\"__default_policy_ID\",\"Statement\":[{\"Action\":[\"SNS:GetTopicAttributes\",\"SNS:SetTopicAttributes\",\"SNS:AddPermission\",\"SNS:RemovePermission\",\"SNS:DeleteTopic\",\"SNS:Subscribe\",\"SNS:ListSubscriptionsByTopic\",\"SNS:Publish\"],\"Condition\":{\"StringEquals\":{\"AWS:SourceOwner\":\"605134458956\"}},\"Effect\":\"Allow\",\"Principal\":{\"AWS\":\"*\"},\"Resource\":\"arn:aws:sns:us-east-1:605134458956:job-failure-alarm-topic\",\"Sid\":\"__default_statement_ID\"}],\"Version\":\"2008-10-17\"}",
            "signature_version": 0,
            "sqs_failure_feedback_role_arn": "",
            "sqs_success_feedback_role_arn": "",
            "sqs_success_feedback_sample_rate": 0,
            "tags": null,
            "tags_all": {},
            "tracing_config": ""
          },
          "sensitive_attributes": [],
          "private": "bnVsbA=="
        }
      ]
    },
    {
      "mode": "managed",
      "type": "aws_sns_topic_subscription",
      "name": "glue_job_alarm_email",
      "provider": "provider[\"registry.terraform.io/hashicorp/aws\"]",
      "instances": [
        {
          "schema_version": 0,
          "attributes": {
            "arn": "arn:aws:sns:us-east-1:605134458956:job-failure-alarm-topic:da9f31dd-5977-4b9d-af1a-05f806e41823",
            "confirmation_timeout_in_minutes": 1,
            "confirmation_was_authenticated": false,
            "delivery_policy": "",
            "endpoint": "luccagodoy@pm.me",
            "endpoint_auto_confirms": false,
            "filter_policy": "",
            "filter_policy_scope": "",
            "id": "arn:aws:sns:us-east-1:605134458956:job-failure-alarm-topic:da9f31dd-5977-4b9d-af1a-05f806e41823",
            "owner_id": "605134458956",
            "pending_confirmation": true,
            "protocol": "email",
            "raw_message_delivery": false,
            "redrive_policy": "",
            "replay_policy": "",
            "subscription_role_arn": "",
            "topic_arn": "arn:aws:sns:us-east-1:605134458956:job-failure-alarm-topic"
          },
          "sensitive_attributes": [],
          "private": "bnVsbA==",
          "dependencies": [
            "aws_sns_topic.glue_job_alarm_topic"
          ]
        }
      ]
    }
  ],
  "check_results": null
}
